// !$*UTF8*$!
{
	archiveVersion = 1;
	classes = {
	};
	objectVersion = 50;
	objects = {

/* Begin PBXBuildFile section */
		902B2B3A2438465D00AE4953 /* AppDelegate.swift in Sources */ = {isa = PBXBuildFile; fileRef = 902B2B392438465D00AE4953 /* AppDelegate.swift */; };
		902B2B3C2438465D00AE4953 /* SceneDelegate.swift in Sources */ = {isa = PBXBuildFile; fileRef = 902B2B3B2438465D00AE4953 /* SceneDelegate.swift */; };
		902B2B3E2438465D00AE4953 /* ViewController.swift in Sources */ = {isa = PBXBuildFile; fileRef = 902B2B3D2438465D00AE4953 /* ViewController.swift */; };
		902B2B412438465D00AE4953 /* Main.storyboard in Resources */ = {isa = PBXBuildFile; fileRef = 902B2B3F2438465D00AE4953 /* Main.storyboard */; };
		902B2B432438466000AE4953 /* Assets.xcassets in Resources */ = {isa = PBXBuildFile; fileRef = 902B2B422438466000AE4953 /* Assets.xcassets */; };
		902B2B462438466000AE4953 /* LaunchScreen.storyboard in Resources */ = {isa = PBXBuildFile; fileRef = 902B2B442438466000AE4953 /* LaunchScreen.storyboard */; };
		906930A22439535100C12EF6 /* MemeOne.swift in Sources */ = {isa = PBXBuildFile; fileRef = 906930A12439535100C12EF6 /* MemeOne.swift */; };
/* End PBXBuildFile section */

/* Begin PBXFileReference section */
		902B2B362438465D00AE4953 /* memeUno.app */ = {isa = PBXFileReference; explicitFileType = wrapper.application; includeInIndex = 0; path = memeUno.app; sourceTree = BUILT_PRODUCTS_DIR; };
		902B2B392438465D00AE4953 /* AppDelegate.swift */ = {isa = PBXFileReference; lastKnownFileType = sourcecode.swift; path = AppDelegate.swift; sourceTree = "<group>"; };
		902B2B3B2438465D00AE4953 /* SceneDelegate.swift */ = {isa = PBXFileReference; lastKnownFileType = sourcecode.swift; path = SceneDelegate.swift; sourceTree = "<group>"; };
		902B2B3D2438465D00AE4953 /* ViewController.swift */ = {isa = PBXFileReference; lastKnownFileType = sourcecode.swift; path = ViewController.swift; sourceTree = "<group>"; };
		902B2B402438465D00AE4953 /* Base */ = {isa = PBXFileReference; lastKnownFileType = file.storyboard; name = Base; path = Base.lproj/Main.storyboard; sourceTree = "<group>"; };
		902B2B422438466000AE4953 /* Assets.xcassets */ = {isa = PBXFileReference; lastKnownFileType = folder.assetcatalog; path = Assets.xcassets; sourceTree = "<group>"; };
		902B2B452438466000AE4953 /* Base */ = {isa = PBXFileReference; lastKnownFileType = file.storyboard; name = Base; path = Base.lproj/LaunchScreen.storyboard; sourceTree = "<group>"; };
		902B2B472438466000AE4953 /* Info.plist */ = {isa = PBXFileReference; lastKnownFileType = text.plist.xml; path = Info.plist; sourceTree = "<group>"; };
		906930A12439535100C12EF6 /* MemeOne.swift */ = {isa = PBXFileReference; lastKnownFileType = sourcecode.swift; path = MemeOne.swift; sourceTree = "<group>"; };
/* End PBXFileReference section */

/* Begin PBXFrameworksBuildPhase section */
		902B2B332438465D00AE4953 /* Frameworks */ = {
			isa = PBXFrameworksBuildPhase;
			buildActionMask = 2147483647;
			files = (
			);
			runOnlyForDeploymentPostprocessing = 0;
		};
/* End PBXFrameworksBuildPhase section */

/* Begin PBXGroup section */
		902B2B2D2438465D00AE4953 = {
			isa = PBXGroup;
			children = (
				902B2B382438465D00AE4953 /* memeOne */,
				902B2B372438465D00AE4953 /* Products */,
			);
			sourceTree = "<group>";
		};
		902B2B372438465D00AE4953 /* Products */ = {
			isa = PBXGroup;
			children = (
				902B2B362438465D00AE4953 /* memeUno.app */,
			);
			name = Products;
			sourceTree = "<group>";
		};
		902B2B382438465D00AE4953 /* memeOne */ = {
			isa = PBXGroup;
			children = (
				906930A0243952FB00C12EF6 /* Model */,
				902B2B392438465D00AE4953 /* AppDelegate.swift */,
				902B2B3B2438465D00AE4953 /* SceneDelegate.swift */,
				902B2B3D2438465D00AE4953 /* ViewController.swift */,
				902B2B3F2438465D00AE4953 /* Main.storyboard */,
				902B2B422438466000AE4953 /* Assets.xcassets */,
				902B2B442438466000AE4953 /* LaunchScreen.storyboard */,
				902B2B472438466000AE4953 /* Info.plist */,
			);
			path = memeOne;
			sourceTree = "<group>";
		};
		906930A0243952FB00C12EF6 /* Model */ = {
			isa = PBXGroup;
			children = (
				906930A12439535100C12EF6 /* MemeOne.swift */,
			);
			path = Model;
			sourceTree = "<group>";
		};
/* End PBXGroup section */

/* Begin PBXNativeTarget section */
		902B2B352438465D00AE4953 /* memeOne */ = {
			isa = PBXNativeTarget;
			buildConfigurationList = 902B2B4A2438466000AE4953 /* Build configuration list for PBXNativeTarget "memeOne" */;
			buildPhases = (
				902B2B322438465D00AE4953 /* Sources */,
				902B2B332438465D00AE4953 /* Frameworks */,
				902B2B342438465D00AE4953 /* Resources */,
			);
			buildRules = (
			);
			dependencies = (
			);
			name = memeOne;
			productName = memeOne;
			productReference = 902B2B362438465D00AE4953 /* memeUno.app */;
			productType = "com.apple.product-type.application";
		};
/* End PBXNativeTarget section */

/* Begin PBXProject section */
		902B2B2E2438465D00AE4953 /* Project object */ = {
			isa = PBXProject;
			attributes = {
				LastSwiftUpdateCheck = 1130;
				LastUpgradeCheck = 1130;
				ORGANIZATIONNAME = "Youssef Ibrahim";
				TargetAttributes = {
					902B2B352438465D00AE4953 = {
						CreatedOnToolsVersion = 11.3.1;
					};
				};
			};
			buildConfigurationList = 902B2B312438465D00AE4953 /* Build configuration list for PBXProject "memeOne" */;
			compatibilityVersion = "Xcode 9.3";
			developmentRegion = en;
			hasScannedForEncodings = 0;
			knownRegions = (
				en,
				Base,
			);
			mainGroup = 902B2B2D2438465D00AE4953;
			productRefGroup = 902B2B372438465D00AE4953 /* Products */;
			projectDirPath = "";
			projectRoot = "";
			targets = (
				902B2B352438465D00AE4953 /* memeOne */,
			);
		};
/* End PBXProject section */

/* Begin PBXResourcesBuildPhase section */
		902B2B342438465D00AE4953 /* Resources */ = {
			isa = PBXResourcesBuildPhase;
			buildActionMask = 2147483647;
			files = (
				902B2B462438466000AE4953 /* LaunchScreen.storyboard in Resources */,
				902B2B432438466000AE4953 /* Assets.xcassets in Resources */,
				902B2B412438465D00AE4953 /* Main.storyboard in Resources */,
			);
			runOnlyForDeploymentPostprocessing = 0;
		};
/* End PBXResourcesBuildPhase section */

/* Begin PBXSourcesBuildPhase section */
		902B2B322438465D00AE4953 /* Sources */ = {
			isa = PBXSourcesBuildPhase;
			buildActionMask = 2147483647;
			files = (
				902B2B3E2438465D00AE4953 /* ViewController.swift in Sources */,
				902B2B3A2438465D00AE4953 /* AppDelegate.swift in Sources */,
				906930A22439535100C12EF6 /* MemeOne.swift in Sources */,
				902B2B3C2438465D00AE4953 /* SceneDelegate.swift in Sources */,
			);
			runOnlyForDeploymentPostprocessing = 0;
		};
/* End PBXSourcesBuildPhase section */

/* Begin PBXVariantGroup section */
		902B2B3F2438465D00AE4953 /* Main.storyboard */ = {
			isa = PBXVariantGroup;
			children = (
				902B2B402438465D00AE4953 /* Base */,
			);
			name = Main.storyboard;
			sourceTree = "<group>";
		};
		902B2B442438466000AE4953 /* LaunchScreen.storyboard */ = {
			isa = PBXVariantGroup;
			children = (
				902B2B452438466000AE4953 /* Base */,
			);
			name = LaunchScreen.storyboard;
			sourceTree = "<group>";
		};
/* End PBXVariantGroup section */

/* Begin XCBuildConfiguration section */
		902B2B482438466000AE4953 /* Debug */ = {
			isa = XCBuildConfiguration;
			buildSettings = {
				ALWAYS_SEARCH_USER_PATHS = NO;
				CLANG_ANALYZER_NONNULL = YES;
				CLANG_ANALYZER_NUMBER_OBJECT_CONVERSION = YES_AGGRESSIVE;
				CLANG_CXX_LANGUAGE_STANDARD = "gnu++14";
				CLANG_CXX_LIBRARY = "libc++";
				CLANG_ENABLE_MODULES = YES;
				CLANG_ENABLE_OBJC_ARC = YES;
				CLANG_ENABLE_OBJC_WEAK = YES;
				CLANG_WARN_BLOCK_CAPTURE_AUTORELEASING = YES;
				CLANG_WARN_BOOL_CONVERSION = YES;
				CLANG_WARN_COMMA = YES;
				CLANG_WARN_CONSTANT_CONVERSION = YES;
				CLANG_WARN_DEPRECATED_OBJC_IMPLEMENTATIONS = YES;
				CLANG_WARN_DIRECT_OBJC_ISA_USAGE = YES_ERROR;
				CLANG_WARN_DOCUMENTATION_COMMENTS = YES;
				CLANG_WARN_EMPTY_BODY = YES;
				CLANG_WARN_ENUM_CONVERSION = YES;
				CLANG_WARN_INFINITE_RECURSION = YES;
				CLANG_WARN_INT_CONVERSION = YES;
				CLANG_WARN_NON_LITERAL_NULL_CONVERSION = YES;
				CLANG_WARN_OBJC_IMPLICIT_RETAIN_SELF = YES;
				CLANG_WARN_OBJC_LITERAL_CONVERSION = YES;
				CLANG_WARN_OBJC_ROOT_CLASS = YES_ERROR;
				CLANG_WARN_RANGE_LOOP_ANALYSIS = YES;
				CLANG_WARN_STRICT_PROTOTYPES = YES;
				CLANG_WARN_SUSPICIOUS_MOVE = YES;
				CLANG_WARN_UNGUARDED_AVAILABILITY = YES_AGGRESSIVE;
				CLANG_WARN_UNREACHABLE_CODE = YES;
				CLANG_WARN__DUPLICATE_METHOD_MATCH = YES;
				COPY_PHASE_STRIP = NO;
				DEBUG_INFORMATION_FORMAT = dwarf;
				ENABLE_STRICT_OBJC_MSGSEND = YES;
				ENABLE_TESTABILITY = YES;
				GCC_C_LANGUAGE_STANDARD = gnu11;
				GCC_DYNAMIC_NO_PIC = NO;
				GCC_NO_COMMON_BLOCKS = YES;
				GCC_OPTIMIZATION_LEVEL = 0;
				GCC_PREPROCESSOR_DEFINITIONS = (
					"DEBUG=1",
					"$(inherited)",
				);
				GCC_WARN_64_TO_32_BIT_CONVERSION = YES;
				GCC_WARN_ABOUT_RETURN_TYPE = YES_ERROR;
				GCC_WARN_UNDECLARED_SELECTOR = YES;
				GCC_WARN_UNINITIALIZED_AUTOS = YES_AGGRESSIVE;
				GCC_WARN_UNUSED_FUNCTION = YES;
				GCC_WARN_UNUSED_VARIABLE = YES;
				IPHONEOS_DEPLOYMENT_TARGET = 13.2;
				MTL_ENABLE_DEBUG_INFO = INCLUDE_SOURCE;
				MTL_FAST_MATH = YES;
				ONLY_ACTIVE_ARCH = YES;
				SDKROOT = iphoneos;
				SWIFT_ACTIVE_COMPILATION_CONDITIONS = DEBUG;
				SWIFT_OPTIMIZATION_LEVEL = "-Onone";
			};
			name = Debug;
		};
		902B2B492438466000AE4953 /* Release */ = {
			isa = XCBuildConfiguration;
			buildSettings = {
				ALWAYS_SEARCH_USER_PATHS = NO;
				CLANG_ANALYZER_NONNULL = YES;
				CLANG_ANALYZER_NUMBER_OBJECT_CONVERSION = YES_AGGRESSIVE;
				CLANG_CXX_LANGUAGE_STANDARD = "gnu++14";
				CLANG_CXX_LIBRARY = "libc++";
				CLANG_ENABLE_MODULES = YES;
				CLANG_ENABLE_OBJC_ARC = YES;
				CLANG_ENABLE_OBJC_WEAK = YES;
				CLANG_WARN_BLOCK_CAPTURE_AUTORELEASING = YES;
				CLANG_WARN_BOOL_CONVERSION = YES;
				CLANG_WARN_COMMA = YES;
				CLANG_WARN_CONSTANT_CONVERSION = YES;
				CLANG_WARN_DEPRECATED_OBJC_IMPLEMENTATIONS = YES;
				CLANG_WARN_DIRECT_OBJC_ISA_USAGE = YES_ERROR;
				CLANG_WARN_DOCUMENTATION_COMMENTS = YES;
				CLANG_WARN_EMPTY_BODY = YES;
				CLANG_WARN_ENUM_CONVERSION = YES;
				CLANG_WARN_INFINITE_RECURSION = YES;
				CLANG_WARN_INT_CONVERSION = YES;
				CLANG_WARN_NON_LITERAL_NULL_CONVERSION = YES;
				CLANG_WARN_OBJC_IMPLICIT_RETAIN_SELF = YES;
				CLANG_WARN_OBJC_LITERAL_CONVERSION = YES;
				CLANG_WARN_OBJC_ROOT_CLASS = YES_ERROR;
				CLANG_WARN_RANGE_LOOP_ANALYSIS = YES;
				CLANG_WARN_STRICT_PROTOTYPES = YES;
				CLANG_WARN_SUSPICIOUS_MOVE = YES;
				CLANG_WARN_UNGUARDED_AVAILABILITY = YES_AGGRESSIVE;
				CLANG_WARN_UNREACHABLE_CODE = YES;
				CLANG_WARN__DUPLICATE_METHOD_MATCH = YES;
				COPY_PHASE_STRIP = NO;
				DEBUG_INFORMATION_FORMAT = "dwarf-with-dsym";
				ENABLE_NS_ASSERTIONS = NO;
				ENABLE_STRICT_OBJC_MSGSEND = YES;
				GCC_C_LANGUAGE_STANDARD = gnu11;
				GCC_NO_COMMON_BLOCKS = YES;
				GCC_WARN_64_TO_32_BIT_CONVERSION = YES;
				GCC_WARN_ABOUT_RETURN_TYPE = YES_ERROR;
				GCC_WARN_UNDECLARED_SELECTOR = YES;
				GCC_WARN_UNINITIALIZED_AUTOS = YES_AGGRESSIVE;
				GCC_WARN_UNUSED_FUNCTION = YES;
				GCC_WARN_UNUSED_VARIABLE = YES;
				IPHONEOS_DEPLOYMENT_TARGET = 13.2;
				MTL_ENABLE_DEBUG_INFO = NO;
				MTL_FAST_MATH = YES;
				SDKROOT = iphoneos;
				SWIFT_COMPILATION_MODE = wholemodule;
				SWIFT_OPTIMIZATION_LEVEL = "-O";
				VALIDATE_PRODUCT = YES;
			};
			name = Release;
		};
		902B2B4B2438466000AE4953 /* Debug */ = {
			isa = XCBuildConfiguration;
			buildSettings = {
				ASSETCATALOG_COMPILER_APPICON_NAME = AppIcon;
				CODE_SIGN_IDENTITY = "Apple Development";
				CODE_SIGN_STYLE = Automatic;
				DEVELOPMENT_TEAM = 94PQWV4UB6;
				INFOPLIST_FILE = memeOne/Info.plist;
				LD_RUNPATH_SEARCH_PATHS = (
					"$(inherited)",
					"@executable_path/Frameworks",
				);
				PRODUCT_BUNDLE_IDENTIFIER = com.khidr.meme1;
				PRODUCT_NAME = memeUno;
				PROVISIONING_PROFILE_SPECIFIER = "";
				SWIFT_VERSION = 5.0;
				TARGETED_DEVICE_FAMILY = "1,2";
			};
			name = Debug;
		};
		902B2B4C2438466000AE4953 /* Release */ = {
			isa = XCBuildConfiguration;
			buildSettings = {
				ASSETCATALOG_COMPILER_APPICON_NAME = AppIcon;
				CODE_SIGN_STYLE = Automatic;
				DEVELOPMENT_TEAM = 94PQWV4UB6;
				INFOPLIST_FILE = memeOne/Info.plist;
				LD_RUNPATH_SEARCH_PATHS = (
					"$(inherited)",
					"@executable_path/Frameworks",
				);
				PRODUCT_BUNDLE_IDENTIFIER = com.khidr.meme1;
				PRODUCT_NAME = memeUno;
				SWIFT_VERSION = 5.0;
				TARGETED_DEVICE_FAMILY = "1,2";
			};
			name = Release;
		};
/* End XCBuildConfiguration section */

/* Begin XCConfigurationList section */
		902B2B312438465D00AE4953 /* Build configuration list for PBXProject "memeOne" */ = {
			isa = XCConfigurationList;
			buildConfigurations = (
				902B2B482438466000AE4953 /* Debug */,
				902B2B492438466000AE4953 /* Release */,
			);
			defaultConfigurationIsVisible = 0;
			defaultConfigurationName = Release;
		};
		902B2B4A2438466000AE4953 /* Build configuration list for PBXNativeTarget "memeOne" */ = {
			isa = XCConfigurationList;
			buildConfigurations = (
				902B2B4B2438466000AE4953 /* Debug */,
				902B2B4C2438466000AE4953 /* Release */,
			);
			defaultConfigurationIsVisible = 0;
			defaultConfigurationName = Release;
		};
/* End XCConfigurationList section */
	};
	rootObject = 902B2B2E2438465D00AE4953 /* Project object */;
}
